
Microsoft Visual Studio Solution File, Format Version 12.00
# Visual Studio 14
VisualStudioVersion = 14.0.24720.0
MinimumVisualStudioVersion = 10.0.40219.1
Project("{2150E333-8FDC-42A3-9474-1A3956D46DE8}") = "Solution Items", "Solution Items", "{619791DE-CDD7-4B46-9D53-3C8652D84CAD}"
	ProjectSection(SolutionItems) = preProject
		Documentania.DotSettings = Documentania.DotSettings
		README.md = README.md
		StyleCopSettings.StyleCop = StyleCopSettings.StyleCop
	EndProjectSection
EndProject
Project("{2150E333-8FDC-42A3-9474-1A3956D46DE8}") = "UnitTest", "UnitTest", "{2FF6D539-549F-4F59-811F-FE7DF7370813}"
EndProject
Project("{2150E333-8FDC-42A3-9474-1A3956D46DE8}") = "DataAccess", "DataAccess", "{56A57E7C-40EF-4059-AFB8-B8271ED628D8}"
EndProject
Project("{2150E333-8FDC-42A3-9474-1A3956D46DE8}") = "App", "App", "{4D297269-8934-42A5-8478-3D89590D796F}"
EndProject
Project("{2150E333-8FDC-42A3-9474-1A3956D46DE8}") = "DataAccess", "DataAccess", "{3775EDDD-79EB-4624-9CF6-9D8D68A6A73A}"
EndProject
Project("{2150E333-8FDC-42A3-9474-1A3956D46DE8}") = "Infrastructure", "Infrastructure", "{A09C4E64-FE90-4523-8F86-1DB4D8A58D94}"
EndProject
Project("{2150E333-8FDC-42A3-9474-1A3956D46DE8}") = "SubsystemTest", "SubsystemTest", "{2F74BC08-2A0B-4DAC-B3BA-6B1E80CCC4D8}"
EndProject
Project("{2150E333-8FDC-42A3-9474-1A3956D46DE8}") = "Interfaces", "Interfaces", "{0DB18A1F-B53D-4F05-8C09-5C5FC0726F63}"
EndProject
Project("{2150E333-8FDC-42A3-9474-1A3956D46DE8}") = "UI", "UI", "{B3C30B40-870B-42A5-BFFC-AE59FF68716B}"
EndProject
Project("{2150E333-8FDC-42A3-9474-1A3956D46DE8}") = "Tests", "Tests", "{BFF4112D-F8C4-40E0-975A-ED953388DF95}"
EndProject
Project("{FAE04EC0-301F-11D3-BF4B-00C04F79EFBC}") = "DocumentaniaSpecFlow.Tests", "tst\DocumentaniaSpecFlow\DocumentaniaSpecFlow.Tests.csproj", "{6CC6F1AA-1403-4A56-A4FB-D15E14F77093}"
EndProject
Project("{FAE04EC0-301F-11D3-BF4B-00C04F79EFBC}") = "DataAccess.RavenDB.Tests", "tst\DataAccess.RavenDB.Tests\DataAccess.RavenDB.Tests.csproj", "{067456C0-086C-46A8-B37F-1405717B7BFC}"
EndProject
Project("{FAE04EC0-301F-11D3-BF4B-00C04F79EFBC}") = "UserInterface.Tests", "tst\UserInterfaceTest\UserInterface.Tests.csproj", "{50A25837-B9D7-46A9-A7C2-F6E575DA5D41}"
EndProject
Project("{FAE04EC0-301F-11D3-BF4B-00C04F79EFBC}") = "DataAccess.RavenDB", "src\DataAccess.RavenDB\DataAccess.RavenDB.csproj", "{9A04AF41-A588-4FD4-BF90-0C2AF4D7C279}"
EndProject
Project("{FAE04EC0-301F-11D3-BF4B-00C04F79EFBC}") = "Documentania.Contracts", "src\Documentania.Interfaces\Documentania.Contracts.csproj", "{5061AFCF-C667-4530-A992-37DFD2BA05AF}"
EndProject
Project("{FAE04EC0-301F-11D3-BF4B-00C04F79EFBC}") = "Documentania", "src\UserInterface\Documentania.csproj", "{8F216F98-1855-497D-AABA-59859538CFEF}"
EndProject
Project("{2150E333-8FDC-42A3-9474-1A3956D46DE8}") = "Modules", "Modules", "{A14B7E9D-150E-494B-A36F-B0FD11329A72}"
EndProject
Project("{FAE04EC0-301F-11D3-BF4B-00C04F79EFBC}") = "Modules.Document", "src\Modules.Document\Modules.Document.csproj", "{DCB9B047-1F17-469D-80D8-F0FCB229DE26}"
EndProject
Project("{2150E333-8FDC-42A3-9474-1A3956D46DE8}") = "Modules", "Modules", "{AD833455-B566-4F70-818D-747BBA270E48}"
EndProject
Project("{FAE04EC0-301F-11D3-BF4B-00C04F79EFBC}") = "DocumentModule.Tests", "tst\DocumentModuleTests\DocumentModule.Tests.csproj", "{8050EA24-40C2-4B7F-84FE-B194FA453FF1}"
EndProject
Project("{2150E333-8FDC-42A3-9474-1A3956D46DE8}") = "Storables", "Storables", "{41AFCDE4-1973-45BB-908C-B5FEEAEED47E}"
EndProject
Project("{2150E333-8FDC-42A3-9474-1A3956D46DE8}") = "Services", "Services", "{1F77F7DA-B355-4BEF-A27F-1079CE1664DD}"
EndProject
Project("{FAE04EC0-301F-11D3-BF4B-00C04F79EFBC}") = "FileSystemNotifier", "src\FileSystemNotifier\FileSystemNotifier.csproj", "{F61144C9-05C0-44EC-A9A5-294E0B208648}"
EndProject
Project("{FAE04EC0-301F-11D3-BF4B-00C04F79EFBC}") = "Documentania.Infrastructure", "src\Documentania.Infrastructure\Documentania.Infrastructure.csproj", "{6029CF48-AD40-4944-BD95-3675613B2B37}"
EndProject
Global
	GlobalSection(SolutionConfigurationPlatforms) = preSolution
		Debug|Any CPU = Debug|Any CPU
		Debug|ARM = Debug|ARM
		Debug|x64 = Debug|x64
		Debug|x86 = Debug|x86
		Release|Any CPU = Release|Any CPU
		Release|ARM = Release|ARM
		Release|x64 = Release|x64
		Release|x86 = Release|x86
	EndGlobalSection
	GlobalSection(ProjectConfigurationPlatforms) = postSolution
		{6CC6F1AA-1403-4A56-A4FB-D15E14F77093}.Debug|Any CPU.ActiveCfg = Debug|Any CPU
		{6CC6F1AA-1403-4A56-A4FB-D15E14F77093}.Debug|Any CPU.Build.0 = Debug|Any CPU
		{6CC6F1AA-1403-4A56-A4FB-D15E14F77093}.Debug|ARM.ActiveCfg = Debug|Any CPU
		{6CC6F1AA-1403-4A56-A4FB-D15E14F77093}.Debug|ARM.Build.0 = Debug|Any CPU
		{6CC6F1AA-1403-4A56-A4FB-D15E14F77093}.Debug|x64.ActiveCfg = Debug|Any CPU
		{6CC6F1AA-1403-4A56-A4FB-D15E14F77093}.Debug|x64.Build.0 = Debug|Any CPU
		{6CC6F1AA-1403-4A56-A4FB-D15E14F77093}.Debug|x86.ActiveCfg = Debug|Any CPU
		{6CC6F1AA-1403-4A56-A4FB-D15E14F77093}.Debug|x86.Build.0 = Debug|Any CPU
		{6CC6F1AA-1403-4A56-A4FB-D15E14F77093}.Release|Any CPU.ActiveCfg = Release|Any CPU
		{6CC6F1AA-1403-4A56-A4FB-D15E14F77093}.Release|Any CPU.Build.0 = Release|Any CPU
		{6CC6F1AA-1403-4A56-A4FB-D15E14F77093}.Release|ARM.ActiveCfg = Release|Any CPU
		{6CC6F1AA-1403-4A56-A4FB-D15E14F77093}.Release|ARM.Build.0 = Release|Any CPU
		{6CC6F1AA-1403-4A56-A4FB-D15E14F77093}.Release|x64.ActiveCfg = Release|Any CPU
		{6CC6F1AA-1403-4A56-A4FB-D15E14F77093}.Release|x64.Build.0 = Release|Any CPU
		{6CC6F1AA-1403-4A56-A4FB-D15E14F77093}.Release|x86.ActiveCfg = Release|Any CPU
		{6CC6F1AA-1403-4A56-A4FB-D15E14F77093}.Release|x86.Build.0 = Release|Any CPU
		{067456C0-086C-46A8-B37F-1405717B7BFC}.Debug|Any CPU.ActiveCfg = Debug|Any CPU
		{067456C0-086C-46A8-B37F-1405717B7BFC}.Debug|Any CPU.Build.0 = Debug|Any CPU
		{067456C0-086C-46A8-B37F-1405717B7BFC}.Debug|ARM.ActiveCfg = Debug|Any CPU
		{067456C0-086C-46A8-B37F-1405717B7BFC}.Debug|ARM.Build.0 = Debug|Any CPU
		{067456C0-086C-46A8-B37F-1405717B7BFC}.Debug|x64.ActiveCfg = Debug|Any CPU
		{067456C0-086C-46A8-B37F-1405717B7BFC}.Debug|x64.Build.0 = Debug|Any CPU
		{067456C0-086C-46A8-B37F-1405717B7BFC}.Debug|x86.ActiveCfg = Debug|Any CPU
		{067456C0-086C-46A8-B37F-1405717B7BFC}.Debug|x86.Build.0 = Debug|Any CPU
		{067456C0-086C-46A8-B37F-1405717B7BFC}.Release|Any CPU.ActiveCfg = Release|Any CPU
		{067456C0-086C-46A8-B37F-1405717B7BFC}.Release|Any CPU.Build.0 = Release|Any CPU
		{067456C0-086C-46A8-B37F-1405717B7BFC}.Release|ARM.ActiveCfg = Release|Any CPU
		{067456C0-086C-46A8-B37F-1405717B7BFC}.Release|ARM.Build.0 = Release|Any CPU
		{067456C0-086C-46A8-B37F-1405717B7BFC}.Release|x64.ActiveCfg = Release|Any CPU
		{067456C0-086C-46A8-B37F-1405717B7BFC}.Release|x64.Build.0 = Release|Any CPU
		{067456C0-086C-46A8-B37F-1405717B7BFC}.Release|x86.ActiveCfg = Release|Any CPU
		{067456C0-086C-46A8-B37F-1405717B7BFC}.Release|x86.Build.0 = Release|Any CPU
		{50A25837-B9D7-46A9-A7C2-F6E575DA5D41}.Debug|Any CPU.ActiveCfg = Debug|Any CPU
		{50A25837-B9D7-46A9-A7C2-F6E575DA5D41}.Debug|Any CPU.Build.0 = Debug|Any CPU
		{50A25837-B9D7-46A9-A7C2-F6E575DA5D41}.Debug|ARM.ActiveCfg = Debug|Any CPU
		{50A25837-B9D7-46A9-A7C2-F6E575DA5D41}.Debug|ARM.Build.0 = Debug|Any CPU
		{50A25837-B9D7-46A9-A7C2-F6E575DA5D41}.Debug|x64.ActiveCfg = Debug|Any CPU
		{50A25837-B9D7-46A9-A7C2-F6E575DA5D41}.Debug|x64.Build.0 = Debug|Any CPU
		{50A25837-B9D7-46A9-A7C2-F6E575DA5D41}.Debug|x86.ActiveCfg = Debug|Any CPU
		{50A25837-B9D7-46A9-A7C2-F6E575DA5D41}.Debug|x86.Build.0 = Debug|Any CPU
		{50A25837-B9D7-46A9-A7C2-F6E575DA5D41}.Release|Any CPU.ActiveCfg = Release|Any CPU
		{50A25837-B9D7-46A9-A7C2-F6E575DA5D41}.Release|Any CPU.Build.0 = Release|Any CPU
		{50A25837-B9D7-46A9-A7C2-F6E575DA5D41}.Release|ARM.ActiveCfg = Release|Any CPU
		{50A25837-B9D7-46A9-A7C2-F6E575DA5D41}.Release|ARM.Build.0 = Release|Any CPU
		{50A25837-B9D7-46A9-A7C2-F6E575DA5D41}.Release|x64.ActiveCfg = Release|Any CPU
		{50A25837-B9D7-46A9-A7C2-F6E575DA5D41}.Release|x64.Build.0 = Release|Any CPU
		{50A25837-B9D7-46A9-A7C2-F6E575DA5D41}.Release|x86.ActiveCfg = Release|Any CPU
		{50A25837-B9D7-46A9-A7C2-F6E575DA5D41}.Release|x86.Build.0 = Release|Any CPU
		{9A04AF41-A588-4FD4-BF90-0C2AF4D7C279}.Debug|Any CPU.ActiveCfg = Debug|Any CPU
		{9A04AF41-A588-4FD4-BF90-0C2AF4D7C279}.Debug|Any CPU.Build.0 = Debug|Any CPU
		{9A04AF41-A588-4FD4-BF90-0C2AF4D7C279}.Debug|ARM.ActiveCfg = Debug|Any CPU
		{9A04AF41-A588-4FD4-BF90-0C2AF4D7C279}.Debug|ARM.Build.0 = Debug|Any CPU
		{9A04AF41-A588-4FD4-BF90-0C2AF4D7C279}.Debug|x64.ActiveCfg = Debug|Any CPU
		{9A04AF41-A588-4FD4-BF90-0C2AF4D7C279}.Debug|x64.Build.0 = Debug|Any CPU
		{9A04AF41-A588-4FD4-BF90-0C2AF4D7C279}.Debug|x86.ActiveCfg = Debug|Any CPU
		{9A04AF41-A588-4FD4-BF90-0C2AF4D7C279}.Debug|x86.Build.0 = Debug|Any CPU
		{9A04AF41-A588-4FD4-BF90-0C2AF4D7C279}.Release|Any CPU.ActiveCfg = Release|Any CPU
		{9A04AF41-A588-4FD4-BF90-0C2AF4D7C279}.Release|Any CPU.Build.0 = Release|Any CPU
		{9A04AF41-A588-4FD4-BF90-0C2AF4D7C279}.Release|ARM.ActiveCfg = Release|Any CPU
		{9A04AF41-A588-4FD4-BF90-0C2AF4D7C279}.Release|ARM.Build.0 = Release|Any CPU
		{9A04AF41-A588-4FD4-BF90-0C2AF4D7C279}.Release|x64.ActiveCfg = Release|Any CPU
		{9A04AF41-A588-4FD4-BF90-0C2AF4D7C279}.Release|x64.Build.0 = Release|Any CPU
		{9A04AF41-A588-4FD4-BF90-0C2AF4D7C279}.Release|x86.ActiveCfg = Release|Any CPU
		{9A04AF41-A588-4FD4-BF90-0C2AF4D7C279}.Release|x86.Build.0 = Release|Any CPU
		{5061AFCF-C667-4530-A992-37DFD2BA05AF}.Debug|Any CPU.ActiveCfg = Debug|Any CPU
		{5061AFCF-C667-4530-A992-37DFD2BA05AF}.Debug|Any CPU.Build.0 = Debug|Any CPU
		{5061AFCF-C667-4530-A992-37DFD2BA05AF}.Debug|ARM.ActiveCfg = Debug|Any CPU
		{5061AFCF-C667-4530-A992-37DFD2BA05AF}.Debug|ARM.Build.0 = Debug|Any CPU
		{5061AFCF-C667-4530-A992-37DFD2BA05AF}.Debug|x64.ActiveCfg = Debug|Any CPU
		{5061AFCF-C667-4530-A992-37DFD2BA05AF}.Debug|x64.Build.0 = Debug|Any CPU
		{5061AFCF-C667-4530-A992-37DFD2BA05AF}.Debug|x86.ActiveCfg = Debug|Any CPU
		{5061AFCF-C667-4530-A992-37DFD2BA05AF}.Debug|x86.Build.0 = Debug|Any CPU
		{5061AFCF-C667-4530-A992-37DFD2BA05AF}.Release|Any CPU.ActiveCfg = Release|Any CPU
		{5061AFCF-C667-4530-A992-37DFD2BA05AF}.Release|Any CPU.Build.0 = Release|Any CPU
		{5061AFCF-C667-4530-A992-37DFD2BA05AF}.Release|ARM.ActiveCfg = Release|Any CPU
		{5061AFCF-C667-4530-A992-37DFD2BA05AF}.Release|ARM.Build.0 = Release|Any CPU
		{5061AFCF-C667-4530-A992-37DFD2BA05AF}.Release|x64.ActiveCfg = Release|Any CPU
		{5061AFCF-C667-4530-A992-37DFD2BA05AF}.Release|x64.Build.0 = Release|Any CPU
		{5061AFCF-C667-4530-A992-37DFD2BA05AF}.Release|x86.ActiveCfg = Release|Any CPU
		{5061AFCF-C667-4530-A992-37DFD2BA05AF}.Release|x86.Build.0 = Release|Any CPU
		{8F216F98-1855-497D-AABA-59859538CFEF}.Debug|Any CPU.ActiveCfg = Debug|Any CPU
		{8F216F98-1855-497D-AABA-59859538CFEF}.Debug|Any CPU.Build.0 = Debug|Any CPU
		{8F216F98-1855-497D-AABA-59859538CFEF}.Debug|ARM.ActiveCfg = Debug|Any CPU
		{8F216F98-1855-497D-AABA-59859538CFEF}.Debug|ARM.Build.0 = Debug|Any CPU
		{8F216F98-1855-497D-AABA-59859538CFEF}.Debug|x64.ActiveCfg = Debug|Any CPU
		{8F216F98-1855-497D-AABA-59859538CFEF}.Debug|x64.Build.0 = Debug|Any CPU
		{8F216F98-1855-497D-AABA-59859538CFEF}.Debug|x86.ActiveCfg = Debug|Any CPU
		{8F216F98-1855-497D-AABA-59859538CFEF}.Debug|x86.Build.0 = Debug|Any CPU
		{8F216F98-1855-497D-AABA-59859538CFEF}.Release|Any CPU.ActiveCfg = Release|Any CPU
		{8F216F98-1855-497D-AABA-59859538CFEF}.Release|Any CPU.Build.0 = Release|Any CPU
		{8F216F98-1855-497D-AABA-59859538CFEF}.Release|ARM.ActiveCfg = Release|Any CPU
		{8F216F98-1855-497D-AABA-59859538CFEF}.Release|ARM.Build.0 = Release|Any CPU
		{8F216F98-1855-497D-AABA-59859538CFEF}.Release|x64.ActiveCfg = Release|Any CPU
		{8F216F98-1855-497D-AABA-59859538CFEF}.Release|x64.Build.0 = Release|Any CPU
		{8F216F98-1855-497D-AABA-59859538CFEF}.Release|x86.ActiveCfg = Release|Any CPU
		{8F216F98-1855-497D-AABA-59859538CFEF}.Release|x86.Build.0 = Release|Any CPU
		{DCB9B047-1F17-469D-80D8-F0FCB229DE26}.Debug|Any CPU.ActiveCfg = Debug|Any CPU
		{DCB9B047-1F17-469D-80D8-F0FCB229DE26}.Debug|Any CPU.Build.0 = Debug|Any CPU
		{DCB9B047-1F17-469D-80D8-F0FCB229DE26}.Debug|ARM.ActiveCfg = Debug|Any CPU
		{DCB9B047-1F17-469D-80D8-F0FCB229DE26}.Debug|ARM.Build.0 = Debug|Any CPU
		{DCB9B047-1F17-469D-80D8-F0FCB229DE26}.Debug|x64.ActiveCfg = Debug|Any CPU
		{DCB9B047-1F17-469D-80D8-F0FCB229DE26}.Debug|x64.Build.0 = Debug|Any CPU
		{DCB9B047-1F17-469D-80D8-F0FCB229DE26}.Debug|x86.ActiveCfg = Debug|Any CPU
		{DCB9B047-1F17-469D-80D8-F0FCB229DE26}.Debug|x86.Build.0 = Debug|Any CPU
		{DCB9B047-1F17-469D-80D8-F0FCB229DE26}.Release|Any CPU.ActiveCfg = Release|Any CPU
		{DCB9B047-1F17-469D-80D8-F0FCB229DE26}.Release|Any CPU.Build.0 = Release|Any CPU
		{DCB9B047-1F17-469D-80D8-F0FCB229DE26}.Release|ARM.ActiveCfg = Release|Any CPU
		{DCB9B047-1F17-469D-80D8-F0FCB229DE26}.Release|ARM.Build.0 = Release|Any CPU
		{DCB9B047-1F17-469D-80D8-F0FCB229DE26}.Release|x64.ActiveCfg = Release|Any CPU
		{DCB9B047-1F17-469D-80D8-F0FCB229DE26}.Release|x64.Build.0 = Release|Any CPU
		{DCB9B047-1F17-469D-80D8-F0FCB229DE26}.Release|x86.ActiveCfg = Release|Any CPU
		{DCB9B047-1F17-469D-80D8-F0FCB229DE26}.Release|x86.Build.0 = Release|Any CPU
		{8050EA24-40C2-4B7F-84FE-B194FA453FF1}.Debug|Any CPU.ActiveCfg = Debug|Any CPU
		{8050EA24-40C2-4B7F-84FE-B194FA453FF1}.Debug|Any CPU.Build.0 = Debug|Any CPU
		{8050EA24-40C2-4B7F-84FE-B194FA453FF1}.Debug|ARM.ActiveCfg = Debug|Any CPU
		{8050EA24-40C2-4B7F-84FE-B194FA453FF1}.Debug|ARM.Build.0 = Debug|Any CPU
		{8050EA24-40C2-4B7F-84FE-B194FA453FF1}.Debug|x64.ActiveCfg = Debug|Any CPU
		{8050EA24-40C2-4B7F-84FE-B194FA453FF1}.Debug|x64.Build.0 = Debug|Any CPU
		{8050EA24-40C2-4B7F-84FE-B194FA453FF1}.Debug|x86.ActiveCfg = Debug|Any CPU
		{8050EA24-40C2-4B7F-84FE-B194FA453FF1}.Debug|x86.Build.0 = Debug|Any CPU
		{8050EA24-40C2-4B7F-84FE-B194FA453FF1}.Release|Any CPU.ActiveCfg = Release|Any CPU
		{8050EA24-40C2-4B7F-84FE-B194FA453FF1}.Release|Any CPU.Build.0 = Release|Any CPU
		{8050EA24-40C2-4B7F-84FE-B194FA453FF1}.Release|ARM.ActiveCfg = Release|Any CPU
		{8050EA24-40C2-4B7F-84FE-B194FA453FF1}.Release|ARM.Build.0 = Release|Any CPU
		{8050EA24-40C2-4B7F-84FE-B194FA453FF1}.Release|x64.ActiveCfg = Release|Any CPU
		{8050EA24-40C2-4B7F-84FE-B194FA453FF1}.Release|x64.Build.0 = Release|Any CPU
		{8050EA24-40C2-4B7F-84FE-B194FA453FF1}.Release|x86.ActiveCfg = Release|Any CPU
		{8050EA24-40C2-4B7F-84FE-B194FA453FF1}.Release|x86.Build.0 = Release|Any CPU
		{F61144C9-05C0-44EC-A9A5-294E0B208648}.Debug|Any CPU.ActiveCfg = Debug|Any CPU
		{F61144C9-05C0-44EC-A9A5-294E0B208648}.Debug|Any CPU.Build.0 = Debug|Any CPU
		{F61144C9-05C0-44EC-A9A5-294E0B208648}.Debug|ARM.ActiveCfg = Debug|Any CPU
		{F61144C9-05C0-44EC-A9A5-294E0B208648}.Debug|ARM.Build.0 = Debug|Any CPU
		{F61144C9-05C0-44EC-A9A5-294E0B208648}.Debug|x64.ActiveCfg = Debug|Any CPU
		{F61144C9-05C0-44EC-A9A5-294E0B208648}.Debug|x64.Build.0 = Debug|Any CPU
		{F61144C9-05C0-44EC-A9A5-294E0B208648}.Debug|x86.ActiveCfg = Debug|Any CPU
		{F61144C9-05C0-44EC-A9A5-294E0B208648}.Debug|x86.Build.0 = Debug|Any CPU
		{F61144C9-05C0-44EC-A9A5-294E0B208648}.Release|Any CPU.ActiveCfg = Release|Any CPU
		{F61144C9-05C0-44EC-A9A5-294E0B208648}.Release|Any CPU.Build.0 = Release|Any CPU
		{F61144C9-05C0-44EC-A9A5-294E0B208648}.Release|ARM.ActiveCfg = Release|Any CPU
		{F61144C9-05C0-44EC-A9A5-294E0B208648}.Release|ARM.Build.0 = Release|Any CPU
		{F61144C9-05C0-44EC-A9A5-294E0B208648}.Release|x64.ActiveCfg = Release|Any CPU
		{F61144C9-05C0-44EC-A9A5-294E0B208648}.Release|x64.Build.0 = Release|Any CPU
		{F61144C9-05C0-44EC-A9A5-294E0B208648}.Release|x86.ActiveCfg = Release|Any CPU
		{F61144C9-05C0-44EC-A9A5-294E0B208648}.Release|x86.Build.0 = Release|Any CPU
		{6029CF48-AD40-4944-BD95-3675613B2B37}.Debug|Any CPU.ActiveCfg = Debug|Any CPU
		{6029CF48-AD40-4944-BD95-3675613B2B37}.Debug|Any CPU.Build.0 = Debug|Any CPU
		{6029CF48-AD40-4944-BD95-3675613B2B37}.Debug|ARM.ActiveCfg = Debug|Any CPU
		{6029CF48-AD40-4944-BD95-3675613B2B37}.Debug|ARM.Build.0 = Debug|Any CPU
		{6029CF48-AD40-4944-BD95-3675613B2B37}.Debug|x64.ActiveCfg = Debug|Any CPU
		{6029CF48-AD40-4944-BD95-3675613B2B37}.Debug|x64.Build.0 = Debug|Any CPU
		{6029CF48-AD40-4944-BD95-3675613B2B37}.Debug|x86.ActiveCfg = Debug|Any CPU
		{6029CF48-AD40-4944-BD95-3675613B2B37}.Debug|x86.Build.0 = Debug|Any CPU
		{6029CF48-AD40-4944-BD95-3675613B2B37}.Release|Any CPU.ActiveCfg = Release|Any CPU
		{6029CF48-AD40-4944-BD95-3675613B2B37}.Release|Any CPU.Build.0 = Release|Any CPU
		{6029CF48-AD40-4944-BD95-3675613B2B37}.Release|ARM.ActiveCfg = Release|Any CPU
		{6029CF48-AD40-4944-BD95-3675613B2B37}.Release|ARM.Build.0 = Release|Any CPU
		{6029CF48-AD40-4944-BD95-3675613B2B37}.Release|x64.ActiveCfg = Release|Any CPU
		{6029CF48-AD40-4944-BD95-3675613B2B37}.Release|x64.Build.0 = Release|Any CPU
		{6029CF48-AD40-4944-BD95-3675613B2B37}.Release|x86.ActiveCfg = Release|Any CPU
		{6029CF48-AD40-4944-BD95-3675613B2B37}.Release|x86.Build.0 = Release|Any CPU
	EndGlobalSection
	GlobalSection(SolutionProperties) = preSolution
		HideSolutionNode = FALSE
	EndGlobalSection
	GlobalSection(NestedProjects) = preSolution
		{2FF6D539-549F-4F59-811F-FE7DF7370813} = {BFF4112D-F8C4-40E0-975A-ED953388DF95}
		{56A57E7C-40EF-4059-AFB8-B8271ED628D8} = {2FF6D539-549F-4F59-811F-FE7DF7370813}
		{3775EDDD-79EB-4624-9CF6-9D8D68A6A73A} = {A14B7E9D-150E-494B-A36F-B0FD11329A72}
		{A09C4E64-FE90-4523-8F86-1DB4D8A58D94} = {4D297269-8934-42A5-8478-3D89590D796F}
		{2F74BC08-2A0B-4DAC-B3BA-6B1E80CCC4D8} = {BFF4112D-F8C4-40E0-975A-ED953388DF95}
		{0DB18A1F-B53D-4F05-8C09-5C5FC0726F63} = {4D297269-8934-42A5-8478-3D89590D796F}
		{B3C30B40-870B-42A5-BFFC-AE59FF68716B} = {2FF6D539-549F-4F59-811F-FE7DF7370813}
		{6CC6F1AA-1403-4A56-A4FB-D15E14F77093} = {2F74BC08-2A0B-4DAC-B3BA-6B1E80CCC4D8}
		{067456C0-086C-46A8-B37F-1405717B7BFC} = {56A57E7C-40EF-4059-AFB8-B8271ED628D8}
		{50A25837-B9D7-46A9-A7C2-F6E575DA5D41} = {B3C30B40-870B-42A5-BFFC-AE59FF68716B}
		{9A04AF41-A588-4FD4-BF90-0C2AF4D7C279} = {3775EDDD-79EB-4624-9CF6-9D8D68A6A73A}
		{5061AFCF-C667-4530-A992-37DFD2BA05AF} = {0DB18A1F-B53D-4F05-8C09-5C5FC0726F63}
		{8F216F98-1855-497D-AABA-59859538CFEF} = {A09C4E64-FE90-4523-8F86-1DB4D8A58D94}
		{A14B7E9D-150E-494B-A36F-B0FD11329A72} = {4D297269-8934-42A5-8478-3D89590D796F}
		{DCB9B047-1F17-469D-80D8-F0FCB229DE26} = {41AFCDE4-1973-45BB-908C-B5FEEAEED47E}
		{AD833455-B566-4F70-818D-747BBA270E48} = {2FF6D539-549F-4F59-811F-FE7DF7370813}
		{8050EA24-40C2-4B7F-84FE-B194FA453FF1} = {AD833455-B566-4F70-818D-747BBA270E48}
		{41AFCDE4-1973-45BB-908C-B5FEEAEED47E} = {A14B7E9D-150E-494B-A36F-B0FD11329A72}
		{1F77F7DA-B355-4BEF-A27F-1079CE1664DD} = {A14B7E9D-150E-494B-A36F-B0FD11329A72}
		{F61144C9-05C0-44EC-A9A5-294E0B208648} = {1F77F7DA-B355-4BEF-A27F-1079CE1664DD}
		{6029CF48-AD40-4944-BD95-3675613B2B37} = {A09C4E64-FE90-4523-8F86-1DB4D8A58D94}
	EndGlobalSection
EndGlobal
