
Microsoft Visual Studio Solution File, Format Version 12.00
# Visual Studio 14
VisualStudioVersion = 14.0.25420.1
MinimumVisualStudioVersion = 10.0.40219.1
Project("{2150E333-8FDC-42A3-9474-1A3956D46DE8}") = "Solution Items", "Solution Items", "{619791DE-CDD7-4B46-9D53-3C8652D84CAD}"
	ProjectSection(SolutionItems) = preProject
		Documentania.DotSettings = Documentania.DotSettings
		README.md = README.md
		Release.testsettings = Release.testsettings
		StyleCopSettings.StyleCop = StyleCopSettings.StyleCop
	EndProjectSection
EndProject
Project("{2150E333-8FDC-42A3-9474-1A3956D46DE8}") = "UnitTest", "UnitTest", "{2FF6D539-549F-4F59-811F-FE7DF7370813}"
EndProject
Project("{2150E333-8FDC-42A3-9474-1A3956D46DE8}") = "App", "App", "{4D297269-8934-42A5-8478-3D89590D796F}"
EndProject
Project("{2150E333-8FDC-42A3-9474-1A3956D46DE8}") = "DataAccess", "DataAccess", "{3775EDDD-79EB-4624-9CF6-9D8D68A6A73A}"
EndProject
Project("{2150E333-8FDC-42A3-9474-1A3956D46DE8}") = "Infrastructure", "Infrastructure", "{A09C4E64-FE90-4523-8F86-1DB4D8A58D94}"
EndProject
Project("{2150E333-8FDC-42A3-9474-1A3956D46DE8}") = "SubsystemTest", "SubsystemTest", "{2F74BC08-2A0B-4DAC-B3BA-6B1E80CCC4D8}"
EndProject
Project("{2150E333-8FDC-42A3-9474-1A3956D46DE8}") = "Tests", "Tests", "{BFF4112D-F8C4-40E0-975A-ED953388DF95}"
EndProject
Project("{FAE04EC0-301F-11D3-BF4B-00C04F79EFBC}") = "DataAccess.RavenDB", "src\DataAccess.RavenDB\DataAccess.RavenDB.csproj", "{9A04AF41-A588-4FD4-BF90-0C2AF4D7C279}"
EndProject
Project("{FAE04EC0-301F-11D3-BF4B-00C04F79EFBC}") = "Documentania", "src\UserInterface\Documentania.csproj", "{8F216F98-1855-497D-AABA-59859538CFEF}"
EndProject
Project("{2150E333-8FDC-42A3-9474-1A3956D46DE8}") = "Modules", "Modules", "{A14B7E9D-150E-494B-A36F-B0FD11329A72}"
EndProject
Project("{2150E333-8FDC-42A3-9474-1A3956D46DE8}") = "Modules", "Modules", "{AD833455-B566-4F70-818D-747BBA270E48}"
EndProject
Project("{2150E333-8FDC-42A3-9474-1A3956D46DE8}") = "Storables", "Storables", "{41AFCDE4-1973-45BB-908C-B5FEEAEED47E}"
EndProject
Project("{2150E333-8FDC-42A3-9474-1A3956D46DE8}") = "Services", "Services", "{1F77F7DA-B355-4BEF-A27F-1079CE1664DD}"
EndProject
Project("{FAE04EC0-301F-11D3-BF4B-00C04F79EFBC}") = "Documentania.Infrastructure", "src\Documentania.Infrastructure\Documentania.Infrastructure.csproj", "{6029CF48-AD40-4944-BD95-3675613B2B37}"
EndProject
Project("{2150E333-8FDC-42A3-9474-1A3956D46DE8}") = "Filtering", "Filtering", "{701A919A-40B8-4475-95CB-4E903B1CD82E}"
EndProject
Project("{2150E333-8FDC-42A3-9474-1A3956D46DE8}") = "Configuration", "Configuration", "{5CAC7818-DB42-4294-A061-116C86EB73E1}"
EndProject
Project("{2150E333-8FDC-42A3-9474-1A3956D46DE8}") = "Splash", "Splash", "{C412E38C-C2F5-45DD-99DA-2F2EA7A49590}"
EndProject
Project("{FAE04EC0-301F-11D3-BF4B-00C04F79EFBC}") = "Documentania.SplashScreen", "src\Documentania.SplashScreen\Documentania.SplashScreen.csproj", "{495173D3-8C0A-4502-AADE-A80EB36A43A5}"
EndProject
Project("{2150E333-8FDC-42A3-9474-1A3956D46DE8}") = "Document", "Document", "{A34DDE81-3ED8-49B3-AE4C-570C57A293FF}"
EndProject
Project("{FAE04EC0-301F-11D3-BF4B-00C04F79EFBC}") = "Document.Wpf", "src\Document.Wpf\Document.Wpf.csproj", "{0006B188-5FBE-4AEE-8F6E-E4A4531A03DC}"
EndProject
Project("{FAE04EC0-301F-11D3-BF4B-00C04F79EFBC}") = "Document.Model", "src\Document.Model\Document.Model.csproj", "{EFE6519B-AEFF-4A16-9752-2AA7009BCA69}"
EndProject
Project("{FAE04EC0-301F-11D3-BF4B-00C04F79EFBC}") = "Document.RavenRepository", "src\Document.RavenRepository\Document.RavenRepository.csproj", "{1F7533CF-43FC-44BF-BE88-90EF5A0B66AF}"
EndProject
Project("{2150E333-8FDC-42A3-9474-1A3956D46DE8}") = "Document", "Document", "{45C15E7E-D083-4CDB-9CB5-DA23137DD7AC}"
EndProject
Project("{FAE04EC0-301F-11D3-BF4B-00C04F79EFBC}") = "Document.Model.UnitTests", "tst\Modules\Document.Model.UnitTests\Document.Model.UnitTests.csproj", "{14389BCE-A44A-478C-8E6B-6699D17D6D2A}"
EndProject
Project("{2150E333-8FDC-42A3-9474-1A3956D46DE8}") = "DataAccess", "DataAccess", "{5A4D8E88-0810-474D-974C-B1946D5BE4E7}"
EndProject
Project("{FAE04EC0-301F-11D3-BF4B-00C04F79EFBC}") = "DataAccess.RavenDBTests", "tst\DataAccess\DataAccess.RavenDBTests\DataAccess.RavenDBTests.csproj", "{067456C0-086C-46A8-B37F-1405717B7BFC}"
EndProject
Project("{FAE04EC0-301F-11D3-BF4B-00C04F79EFBC}") = "Document.RavenDB.UnitTests", "tst\Modules\Document.RavenDB.UnitTests\Document.RavenDB.UnitTests.csproj", "{0FB57CD1-31CB-4D9A-87F2-95005F0B3998}"
EndProject
Project("{FAE04EC0-301F-11D3-BF4B-00C04F79EFBC}") = "Document.Wpf.UnitTests", "tst\Modules\Document.Wpf.UnitTests\Document.Wpf.UnitTests.csproj", "{7C255DD6-8788-4DCB-98B1-9DED72196E38}"
EndProject
Project("{2150E333-8FDC-42A3-9474-1A3956D46DE8}") = "Infrastructure", "Infrastructure", "{E7C09752-04F6-4A04-908A-C985D499454E}"
EndProject
Project("{FAE04EC0-301F-11D3-BF4B-00C04F79EFBC}") = "Infrastructure.UnitTests", "tst\Infrastructure\Infrastructure.UnitTests\Infrastructure.UnitTests.csproj", "{54AA55E3-E750-4E38-8E44-F063461EFAF1}"
EndProject
Project("{2150E333-8FDC-42A3-9474-1A3956D46DE8}") = "WebApp", "WebApp", "{5D9C346C-A310-4925-B2D3-05B0B846BADD}"
EndProject
Global
	GlobalSection(SolutionConfigurationPlatforms) = preSolution
		Debug|Any CPU = Debug|Any CPU
		Debug|ARM = Debug|ARM
		Debug|x64 = Debug|x64
		Debug|x86 = Debug|x86
		Release|Any CPU = Release|Any CPU
		Release|ARM = Release|ARM
		Release|x64 = Release|x64
		Release|x86 = Release|x86
	EndGlobalSection
	GlobalSection(ProjectConfigurationPlatforms) = postSolution
		{9A04AF41-A588-4FD4-BF90-0C2AF4D7C279}.Debug|Any CPU.ActiveCfg = Debug|Any CPU
		{9A04AF41-A588-4FD4-BF90-0C2AF4D7C279}.Debug|Any CPU.Build.0 = Debug|Any CPU
		{9A04AF41-A588-4FD4-BF90-0C2AF4D7C279}.Debug|ARM.ActiveCfg = Debug|Any CPU
		{9A04AF41-A588-4FD4-BF90-0C2AF4D7C279}.Debug|ARM.Build.0 = Debug|Any CPU
		{9A04AF41-A588-4FD4-BF90-0C2AF4D7C279}.Debug|x64.ActiveCfg = Debug|Any CPU
		{9A04AF41-A588-4FD4-BF90-0C2AF4D7C279}.Debug|x64.Build.0 = Debug|Any CPU
		{9A04AF41-A588-4FD4-BF90-0C2AF4D7C279}.Debug|x86.ActiveCfg = Debug|Any CPU
		{9A04AF41-A588-4FD4-BF90-0C2AF4D7C279}.Debug|x86.Build.0 = Debug|Any CPU
		{9A04AF41-A588-4FD4-BF90-0C2AF4D7C279}.Release|Any CPU.ActiveCfg = Release|Any CPU
		{9A04AF41-A588-4FD4-BF90-0C2AF4D7C279}.Release|Any CPU.Build.0 = Release|Any CPU
		{9A04AF41-A588-4FD4-BF90-0C2AF4D7C279}.Release|ARM.ActiveCfg = Release|Any CPU
		{9A04AF41-A588-4FD4-BF90-0C2AF4D7C279}.Release|ARM.Build.0 = Release|Any CPU
		{9A04AF41-A588-4FD4-BF90-0C2AF4D7C279}.Release|x64.ActiveCfg = Release|Any CPU
		{9A04AF41-A588-4FD4-BF90-0C2AF4D7C279}.Release|x64.Build.0 = Release|Any CPU
		{9A04AF41-A588-4FD4-BF90-0C2AF4D7C279}.Release|x86.ActiveCfg = Release|Any CPU
		{9A04AF41-A588-4FD4-BF90-0C2AF4D7C279}.Release|x86.Build.0 = Release|Any CPU
		{8F216F98-1855-497D-AABA-59859538CFEF}.Debug|Any CPU.ActiveCfg = Debug|Any CPU
		{8F216F98-1855-497D-AABA-59859538CFEF}.Debug|Any CPU.Build.0 = Debug|Any CPU
		{8F216F98-1855-497D-AABA-59859538CFEF}.Debug|ARM.ActiveCfg = Debug|Any CPU
		{8F216F98-1855-497D-AABA-59859538CFEF}.Debug|ARM.Build.0 = Debug|Any CPU
		{8F216F98-1855-497D-AABA-59859538CFEF}.Debug|x64.ActiveCfg = Debug|Any CPU
		{8F216F98-1855-497D-AABA-59859538CFEF}.Debug|x64.Build.0 = Debug|Any CPU
		{8F216F98-1855-497D-AABA-59859538CFEF}.Debug|x86.ActiveCfg = Debug|Any CPU
		{8F216F98-1855-497D-AABA-59859538CFEF}.Debug|x86.Build.0 = Debug|Any CPU
		{8F216F98-1855-497D-AABA-59859538CFEF}.Release|Any CPU.ActiveCfg = Release|Any CPU
		{8F216F98-1855-497D-AABA-59859538CFEF}.Release|Any CPU.Build.0 = Release|Any CPU
		{8F216F98-1855-497D-AABA-59859538CFEF}.Release|ARM.ActiveCfg = Release|Any CPU
		{8F216F98-1855-497D-AABA-59859538CFEF}.Release|ARM.Build.0 = Release|Any CPU
		{8F216F98-1855-497D-AABA-59859538CFEF}.Release|x64.ActiveCfg = Release|Any CPU
		{8F216F98-1855-497D-AABA-59859538CFEF}.Release|x64.Build.0 = Release|Any CPU
		{8F216F98-1855-497D-AABA-59859538CFEF}.Release|x86.ActiveCfg = Release|Any CPU
		{8F216F98-1855-497D-AABA-59859538CFEF}.Release|x86.Build.0 = Release|Any CPU
		{6029CF48-AD40-4944-BD95-3675613B2B37}.Debug|Any CPU.ActiveCfg = Debug|Any CPU
		{6029CF48-AD40-4944-BD95-3675613B2B37}.Debug|Any CPU.Build.0 = Debug|Any CPU
		{6029CF48-AD40-4944-BD95-3675613B2B37}.Debug|ARM.ActiveCfg = Debug|Any CPU
		{6029CF48-AD40-4944-BD95-3675613B2B37}.Debug|ARM.Build.0 = Debug|Any CPU
		{6029CF48-AD40-4944-BD95-3675613B2B37}.Debug|x64.ActiveCfg = Debug|Any CPU
		{6029CF48-AD40-4944-BD95-3675613B2B37}.Debug|x64.Build.0 = Debug|Any CPU
		{6029CF48-AD40-4944-BD95-3675613B2B37}.Debug|x86.ActiveCfg = Debug|Any CPU
		{6029CF48-AD40-4944-BD95-3675613B2B37}.Debug|x86.Build.0 = Debug|Any CPU
		{6029CF48-AD40-4944-BD95-3675613B2B37}.Release|Any CPU.ActiveCfg = Release|Any CPU
		{6029CF48-AD40-4944-BD95-3675613B2B37}.Release|Any CPU.Build.0 = Release|Any CPU
		{6029CF48-AD40-4944-BD95-3675613B2B37}.Release|ARM.ActiveCfg = Release|Any CPU
		{6029CF48-AD40-4944-BD95-3675613B2B37}.Release|ARM.Build.0 = Release|Any CPU
		{6029CF48-AD40-4944-BD95-3675613B2B37}.Release|x64.ActiveCfg = Release|Any CPU
		{6029CF48-AD40-4944-BD95-3675613B2B37}.Release|x64.Build.0 = Release|Any CPU
		{6029CF48-AD40-4944-BD95-3675613B2B37}.Release|x86.ActiveCfg = Release|Any CPU
		{6029CF48-AD40-4944-BD95-3675613B2B37}.Release|x86.Build.0 = Release|Any CPU
		{495173D3-8C0A-4502-AADE-A80EB36A43A5}.Debug|Any CPU.ActiveCfg = Debug|Any CPU
		{495173D3-8C0A-4502-AADE-A80EB36A43A5}.Debug|Any CPU.Build.0 = Debug|Any CPU
		{495173D3-8C0A-4502-AADE-A80EB36A43A5}.Debug|ARM.ActiveCfg = Debug|Any CPU
		{495173D3-8C0A-4502-AADE-A80EB36A43A5}.Debug|ARM.Build.0 = Debug|Any CPU
		{495173D3-8C0A-4502-AADE-A80EB36A43A5}.Debug|x64.ActiveCfg = Debug|Any CPU
		{495173D3-8C0A-4502-AADE-A80EB36A43A5}.Debug|x64.Build.0 = Debug|Any CPU
		{495173D3-8C0A-4502-AADE-A80EB36A43A5}.Debug|x86.ActiveCfg = Debug|Any CPU
		{495173D3-8C0A-4502-AADE-A80EB36A43A5}.Debug|x86.Build.0 = Debug|Any CPU
		{495173D3-8C0A-4502-AADE-A80EB36A43A5}.Release|Any CPU.ActiveCfg = Release|Any CPU
		{495173D3-8C0A-4502-AADE-A80EB36A43A5}.Release|Any CPU.Build.0 = Release|Any CPU
		{495173D3-8C0A-4502-AADE-A80EB36A43A5}.Release|ARM.ActiveCfg = Release|Any CPU
		{495173D3-8C0A-4502-AADE-A80EB36A43A5}.Release|ARM.Build.0 = Release|Any CPU
		{495173D3-8C0A-4502-AADE-A80EB36A43A5}.Release|x64.ActiveCfg = Release|Any CPU
		{495173D3-8C0A-4502-AADE-A80EB36A43A5}.Release|x64.Build.0 = Release|Any CPU
		{495173D3-8C0A-4502-AADE-A80EB36A43A5}.Release|x86.ActiveCfg = Release|Any CPU
		{495173D3-8C0A-4502-AADE-A80EB36A43A5}.Release|x86.Build.0 = Release|Any CPU
		{0006B188-5FBE-4AEE-8F6E-E4A4531A03DC}.Debug|Any CPU.ActiveCfg = Debug|Any CPU
		{0006B188-5FBE-4AEE-8F6E-E4A4531A03DC}.Debug|Any CPU.Build.0 = Debug|Any CPU
		{0006B188-5FBE-4AEE-8F6E-E4A4531A03DC}.Debug|ARM.ActiveCfg = Debug|Any CPU
		{0006B188-5FBE-4AEE-8F6E-E4A4531A03DC}.Debug|ARM.Build.0 = Debug|Any CPU
		{0006B188-5FBE-4AEE-8F6E-E4A4531A03DC}.Debug|x64.ActiveCfg = Debug|Any CPU
		{0006B188-5FBE-4AEE-8F6E-E4A4531A03DC}.Debug|x64.Build.0 = Debug|Any CPU
		{0006B188-5FBE-4AEE-8F6E-E4A4531A03DC}.Debug|x86.ActiveCfg = Debug|Any CPU
		{0006B188-5FBE-4AEE-8F6E-E4A4531A03DC}.Debug|x86.Build.0 = Debug|Any CPU
		{0006B188-5FBE-4AEE-8F6E-E4A4531A03DC}.Release|Any CPU.ActiveCfg = Release|Any CPU
		{0006B188-5FBE-4AEE-8F6E-E4A4531A03DC}.Release|Any CPU.Build.0 = Release|Any CPU
		{0006B188-5FBE-4AEE-8F6E-E4A4531A03DC}.Release|ARM.ActiveCfg = Release|Any CPU
		{0006B188-5FBE-4AEE-8F6E-E4A4531A03DC}.Release|ARM.Build.0 = Release|Any CPU
		{0006B188-5FBE-4AEE-8F6E-E4A4531A03DC}.Release|x64.ActiveCfg = Release|Any CPU
		{0006B188-5FBE-4AEE-8F6E-E4A4531A03DC}.Release|x64.Build.0 = Release|Any CPU
		{0006B188-5FBE-4AEE-8F6E-E4A4531A03DC}.Release|x86.ActiveCfg = Release|Any CPU
		{0006B188-5FBE-4AEE-8F6E-E4A4531A03DC}.Release|x86.Build.0 = Release|Any CPU
		{EFE6519B-AEFF-4A16-9752-2AA7009BCA69}.Debug|Any CPU.ActiveCfg = Debug|Any CPU
		{EFE6519B-AEFF-4A16-9752-2AA7009BCA69}.Debug|Any CPU.Build.0 = Debug|Any CPU
		{EFE6519B-AEFF-4A16-9752-2AA7009BCA69}.Debug|ARM.ActiveCfg = Debug|Any CPU
		{EFE6519B-AEFF-4A16-9752-2AA7009BCA69}.Debug|ARM.Build.0 = Debug|Any CPU
		{EFE6519B-AEFF-4A16-9752-2AA7009BCA69}.Debug|x64.ActiveCfg = Debug|Any CPU
		{EFE6519B-AEFF-4A16-9752-2AA7009BCA69}.Debug|x64.Build.0 = Debug|Any CPU
		{EFE6519B-AEFF-4A16-9752-2AA7009BCA69}.Debug|x86.ActiveCfg = Debug|Any CPU
		{EFE6519B-AEFF-4A16-9752-2AA7009BCA69}.Debug|x86.Build.0 = Debug|Any CPU
		{EFE6519B-AEFF-4A16-9752-2AA7009BCA69}.Release|Any CPU.ActiveCfg = Release|Any CPU
		{EFE6519B-AEFF-4A16-9752-2AA7009BCA69}.Release|Any CPU.Build.0 = Release|Any CPU
		{EFE6519B-AEFF-4A16-9752-2AA7009BCA69}.Release|ARM.ActiveCfg = Release|Any CPU
		{EFE6519B-AEFF-4A16-9752-2AA7009BCA69}.Release|ARM.Build.0 = Release|Any CPU
		{EFE6519B-AEFF-4A16-9752-2AA7009BCA69}.Release|x64.ActiveCfg = Release|Any CPU
		{EFE6519B-AEFF-4A16-9752-2AA7009BCA69}.Release|x64.Build.0 = Release|Any CPU
		{EFE6519B-AEFF-4A16-9752-2AA7009BCA69}.Release|x86.ActiveCfg = Release|Any CPU
		{EFE6519B-AEFF-4A16-9752-2AA7009BCA69}.Release|x86.Build.0 = Release|Any CPU
		{1F7533CF-43FC-44BF-BE88-90EF5A0B66AF}.Debug|Any CPU.ActiveCfg = Debug|Any CPU
		{1F7533CF-43FC-44BF-BE88-90EF5A0B66AF}.Debug|Any CPU.Build.0 = Debug|Any CPU
		{1F7533CF-43FC-44BF-BE88-90EF5A0B66AF}.Debug|ARM.ActiveCfg = Debug|Any CPU
		{1F7533CF-43FC-44BF-BE88-90EF5A0B66AF}.Debug|ARM.Build.0 = Debug|Any CPU
		{1F7533CF-43FC-44BF-BE88-90EF5A0B66AF}.Debug|x64.ActiveCfg = Debug|Any CPU
		{1F7533CF-43FC-44BF-BE88-90EF5A0B66AF}.Debug|x64.Build.0 = Debug|Any CPU
		{1F7533CF-43FC-44BF-BE88-90EF5A0B66AF}.Debug|x86.ActiveCfg = Debug|Any CPU
		{1F7533CF-43FC-44BF-BE88-90EF5A0B66AF}.Debug|x86.Build.0 = Debug|Any CPU
		{1F7533CF-43FC-44BF-BE88-90EF5A0B66AF}.Release|Any CPU.ActiveCfg = Release|Any CPU
		{1F7533CF-43FC-44BF-BE88-90EF5A0B66AF}.Release|Any CPU.Build.0 = Release|Any CPU
		{1F7533CF-43FC-44BF-BE88-90EF5A0B66AF}.Release|ARM.ActiveCfg = Release|Any CPU
		{1F7533CF-43FC-44BF-BE88-90EF5A0B66AF}.Release|ARM.Build.0 = Release|Any CPU
		{1F7533CF-43FC-44BF-BE88-90EF5A0B66AF}.Release|x64.ActiveCfg = Release|Any CPU
		{1F7533CF-43FC-44BF-BE88-90EF5A0B66AF}.Release|x64.Build.0 = Release|Any CPU
		{1F7533CF-43FC-44BF-BE88-90EF5A0B66AF}.Release|x86.ActiveCfg = Release|Any CPU
		{1F7533CF-43FC-44BF-BE88-90EF5A0B66AF}.Release|x86.Build.0 = Release|Any CPU
		{14389BCE-A44A-478C-8E6B-6699D17D6D2A}.Debug|Any CPU.ActiveCfg = Debug|Any CPU
		{14389BCE-A44A-478C-8E6B-6699D17D6D2A}.Debug|Any CPU.Build.0 = Debug|Any CPU
		{14389BCE-A44A-478C-8E6B-6699D17D6D2A}.Debug|ARM.ActiveCfg = Debug|Any CPU
		{14389BCE-A44A-478C-8E6B-6699D17D6D2A}.Debug|ARM.Build.0 = Debug|Any CPU
		{14389BCE-A44A-478C-8E6B-6699D17D6D2A}.Debug|x64.ActiveCfg = Debug|Any CPU
		{14389BCE-A44A-478C-8E6B-6699D17D6D2A}.Debug|x64.Build.0 = Debug|Any CPU
		{14389BCE-A44A-478C-8E6B-6699D17D6D2A}.Debug|x86.ActiveCfg = Debug|Any CPU
		{14389BCE-A44A-478C-8E6B-6699D17D6D2A}.Debug|x86.Build.0 = Debug|Any CPU
		{14389BCE-A44A-478C-8E6B-6699D17D6D2A}.Release|Any CPU.ActiveCfg = Release|Any CPU
		{14389BCE-A44A-478C-8E6B-6699D17D6D2A}.Release|Any CPU.Build.0 = Release|Any CPU
		{14389BCE-A44A-478C-8E6B-6699D17D6D2A}.Release|ARM.ActiveCfg = Release|Any CPU
		{14389BCE-A44A-478C-8E6B-6699D17D6D2A}.Release|ARM.Build.0 = Release|Any CPU
		{14389BCE-A44A-478C-8E6B-6699D17D6D2A}.Release|x64.ActiveCfg = Release|Any CPU
		{14389BCE-A44A-478C-8E6B-6699D17D6D2A}.Release|x64.Build.0 = Release|Any CPU
		{14389BCE-A44A-478C-8E6B-6699D17D6D2A}.Release|x86.ActiveCfg = Release|Any CPU
		{14389BCE-A44A-478C-8E6B-6699D17D6D2A}.Release|x86.Build.0 = Release|Any CPU
		{067456C0-086C-46A8-B37F-1405717B7BFC}.Debug|Any CPU.ActiveCfg = Debug|Any CPU
		{067456C0-086C-46A8-B37F-1405717B7BFC}.Debug|Any CPU.Build.0 = Debug|Any CPU
		{067456C0-086C-46A8-B37F-1405717B7BFC}.Debug|ARM.ActiveCfg = Debug|Any CPU
		{067456C0-086C-46A8-B37F-1405717B7BFC}.Debug|ARM.Build.0 = Debug|Any CPU
		{067456C0-086C-46A8-B37F-1405717B7BFC}.Debug|x64.ActiveCfg = Debug|Any CPU
		{067456C0-086C-46A8-B37F-1405717B7BFC}.Debug|x64.Build.0 = Debug|Any CPU
		{067456C0-086C-46A8-B37F-1405717B7BFC}.Debug|x86.ActiveCfg = Debug|Any CPU
		{067456C0-086C-46A8-B37F-1405717B7BFC}.Debug|x86.Build.0 = Debug|Any CPU
		{067456C0-086C-46A8-B37F-1405717B7BFC}.Release|Any CPU.ActiveCfg = Release|Any CPU
		{067456C0-086C-46A8-B37F-1405717B7BFC}.Release|Any CPU.Build.0 = Release|Any CPU
		{067456C0-086C-46A8-B37F-1405717B7BFC}.Release|ARM.ActiveCfg = Release|Any CPU
		{067456C0-086C-46A8-B37F-1405717B7BFC}.Release|ARM.Build.0 = Release|Any CPU
		{067456C0-086C-46A8-B37F-1405717B7BFC}.Release|x64.ActiveCfg = Release|Any CPU
		{067456C0-086C-46A8-B37F-1405717B7BFC}.Release|x64.Build.0 = Release|Any CPU
		{067456C0-086C-46A8-B37F-1405717B7BFC}.Release|x86.ActiveCfg = Release|Any CPU
		{067456C0-086C-46A8-B37F-1405717B7BFC}.Release|x86.Build.0 = Release|Any CPU
		{0FB57CD1-31CB-4D9A-87F2-95005F0B3998}.Debug|Any CPU.ActiveCfg = Debug|Any CPU
		{0FB57CD1-31CB-4D9A-87F2-95005F0B3998}.Debug|Any CPU.Build.0 = Debug|Any CPU
		{0FB57CD1-31CB-4D9A-87F2-95005F0B3998}.Debug|ARM.ActiveCfg = Debug|Any CPU
		{0FB57CD1-31CB-4D9A-87F2-95005F0B3998}.Debug|ARM.Build.0 = Debug|Any CPU
		{0FB57CD1-31CB-4D9A-87F2-95005F0B3998}.Debug|x64.ActiveCfg = Debug|Any CPU
		{0FB57CD1-31CB-4D9A-87F2-95005F0B3998}.Debug|x64.Build.0 = Debug|Any CPU
		{0FB57CD1-31CB-4D9A-87F2-95005F0B3998}.Debug|x86.ActiveCfg = Debug|Any CPU
		{0FB57CD1-31CB-4D9A-87F2-95005F0B3998}.Debug|x86.Build.0 = Debug|Any CPU
		{0FB57CD1-31CB-4D9A-87F2-95005F0B3998}.Release|Any CPU.ActiveCfg = Release|Any CPU
		{0FB57CD1-31CB-4D9A-87F2-95005F0B3998}.Release|Any CPU.Build.0 = Release|Any CPU
		{0FB57CD1-31CB-4D9A-87F2-95005F0B3998}.Release|ARM.ActiveCfg = Release|Any CPU
		{0FB57CD1-31CB-4D9A-87F2-95005F0B3998}.Release|ARM.Build.0 = Release|Any CPU
		{0FB57CD1-31CB-4D9A-87F2-95005F0B3998}.Release|x64.ActiveCfg = Release|Any CPU
		{0FB57CD1-31CB-4D9A-87F2-95005F0B3998}.Release|x64.Build.0 = Release|Any CPU
		{0FB57CD1-31CB-4D9A-87F2-95005F0B3998}.Release|x86.ActiveCfg = Release|Any CPU
		{0FB57CD1-31CB-4D9A-87F2-95005F0B3998}.Release|x86.Build.0 = Release|Any CPU
		{7C255DD6-8788-4DCB-98B1-9DED72196E38}.Debug|Any CPU.ActiveCfg = Debug|Any CPU
		{7C255DD6-8788-4DCB-98B1-9DED72196E38}.Debug|Any CPU.Build.0 = Debug|Any CPU
		{7C255DD6-8788-4DCB-98B1-9DED72196E38}.Debug|ARM.ActiveCfg = Debug|Any CPU
		{7C255DD6-8788-4DCB-98B1-9DED72196E38}.Debug|ARM.Build.0 = Debug|Any CPU
		{7C255DD6-8788-4DCB-98B1-9DED72196E38}.Debug|x64.ActiveCfg = Debug|Any CPU
		{7C255DD6-8788-4DCB-98B1-9DED72196E38}.Debug|x64.Build.0 = Debug|Any CPU
		{7C255DD6-8788-4DCB-98B1-9DED72196E38}.Debug|x86.ActiveCfg = Debug|Any CPU
		{7C255DD6-8788-4DCB-98B1-9DED72196E38}.Debug|x86.Build.0 = Debug|Any CPU
		{7C255DD6-8788-4DCB-98B1-9DED72196E38}.Release|Any CPU.ActiveCfg = Release|Any CPU
		{7C255DD6-8788-4DCB-98B1-9DED72196E38}.Release|Any CPU.Build.0 = Release|Any CPU
		{7C255DD6-8788-4DCB-98B1-9DED72196E38}.Release|ARM.ActiveCfg = Release|Any CPU
		{7C255DD6-8788-4DCB-98B1-9DED72196E38}.Release|ARM.Build.0 = Release|Any CPU
		{7C255DD6-8788-4DCB-98B1-9DED72196E38}.Release|x64.ActiveCfg = Release|Any CPU
		{7C255DD6-8788-4DCB-98B1-9DED72196E38}.Release|x64.Build.0 = Release|Any CPU
		{7C255DD6-8788-4DCB-98B1-9DED72196E38}.Release|x86.ActiveCfg = Release|Any CPU
		{7C255DD6-8788-4DCB-98B1-9DED72196E38}.Release|x86.Build.0 = Release|Any CPU
		{54AA55E3-E750-4E38-8E44-F063461EFAF1}.Debug|Any CPU.ActiveCfg = Debug|Any CPU
		{54AA55E3-E750-4E38-8E44-F063461EFAF1}.Debug|Any CPU.Build.0 = Debug|Any CPU
		{54AA55E3-E750-4E38-8E44-F063461EFAF1}.Debug|ARM.ActiveCfg = Debug|Any CPU
		{54AA55E3-E750-4E38-8E44-F063461EFAF1}.Debug|ARM.Build.0 = Debug|Any CPU
		{54AA55E3-E750-4E38-8E44-F063461EFAF1}.Debug|x64.ActiveCfg = Debug|Any CPU
		{54AA55E3-E750-4E38-8E44-F063461EFAF1}.Debug|x64.Build.0 = Debug|Any CPU
		{54AA55E3-E750-4E38-8E44-F063461EFAF1}.Debug|x86.ActiveCfg = Debug|Any CPU
		{54AA55E3-E750-4E38-8E44-F063461EFAF1}.Debug|x86.Build.0 = Debug|Any CPU
		{54AA55E3-E750-4E38-8E44-F063461EFAF1}.Release|Any CPU.ActiveCfg = Release|Any CPU
		{54AA55E3-E750-4E38-8E44-F063461EFAF1}.Release|Any CPU.Build.0 = Release|Any CPU
		{54AA55E3-E750-4E38-8E44-F063461EFAF1}.Release|ARM.ActiveCfg = Release|Any CPU
		{54AA55E3-E750-4E38-8E44-F063461EFAF1}.Release|ARM.Build.0 = Release|Any CPU
		{54AA55E3-E750-4E38-8E44-F063461EFAF1}.Release|x64.ActiveCfg = Release|Any CPU
		{54AA55E3-E750-4E38-8E44-F063461EFAF1}.Release|x64.Build.0 = Release|Any CPU
		{54AA55E3-E750-4E38-8E44-F063461EFAF1}.Release|x86.ActiveCfg = Release|Any CPU
		{54AA55E3-E750-4E38-8E44-F063461EFAF1}.Release|x86.Build.0 = Release|Any CPU
	EndGlobalSection
	GlobalSection(SolutionProperties) = preSolution
		HideSolutionNode = FALSE
	EndGlobalSection
	GlobalSection(NestedProjects) = preSolution
		{2FF6D539-549F-4F59-811F-FE7DF7370813} = {BFF4112D-F8C4-40E0-975A-ED953388DF95}
		{3775EDDD-79EB-4624-9CF6-9D8D68A6A73A} = {A14B7E9D-150E-494B-A36F-B0FD11329A72}
		{A09C4E64-FE90-4523-8F86-1DB4D8A58D94} = {4D297269-8934-42A5-8478-3D89590D796F}
		{2F74BC08-2A0B-4DAC-B3BA-6B1E80CCC4D8} = {BFF4112D-F8C4-40E0-975A-ED953388DF95}
		{9A04AF41-A588-4FD4-BF90-0C2AF4D7C279} = {3775EDDD-79EB-4624-9CF6-9D8D68A6A73A}
		{8F216F98-1855-497D-AABA-59859538CFEF} = {4D297269-8934-42A5-8478-3D89590D796F}
		{A14B7E9D-150E-494B-A36F-B0FD11329A72} = {4D297269-8934-42A5-8478-3D89590D796F}
		{AD833455-B566-4F70-818D-747BBA270E48} = {2FF6D539-549F-4F59-811F-FE7DF7370813}
		{41AFCDE4-1973-45BB-908C-B5FEEAEED47E} = {A14B7E9D-150E-494B-A36F-B0FD11329A72}
		{1F77F7DA-B355-4BEF-A27F-1079CE1664DD} = {A14B7E9D-150E-494B-A36F-B0FD11329A72}
		{6029CF48-AD40-4944-BD95-3675613B2B37} = {A09C4E64-FE90-4523-8F86-1DB4D8A58D94}
		{701A919A-40B8-4475-95CB-4E903B1CD82E} = {A14B7E9D-150E-494B-A36F-B0FD11329A72}
		{5CAC7818-DB42-4294-A061-116C86EB73E1} = {A14B7E9D-150E-494B-A36F-B0FD11329A72}
		{C412E38C-C2F5-45DD-99DA-2F2EA7A49590} = {A14B7E9D-150E-494B-A36F-B0FD11329A72}
		{495173D3-8C0A-4502-AADE-A80EB36A43A5} = {C412E38C-C2F5-45DD-99DA-2F2EA7A49590}
		{A34DDE81-3ED8-49B3-AE4C-570C57A293FF} = {41AFCDE4-1973-45BB-908C-B5FEEAEED47E}
		{0006B188-5FBE-4AEE-8F6E-E4A4531A03DC} = {A34DDE81-3ED8-49B3-AE4C-570C57A293FF}
		{EFE6519B-AEFF-4A16-9752-2AA7009BCA69} = {A34DDE81-3ED8-49B3-AE4C-570C57A293FF}
		{1F7533CF-43FC-44BF-BE88-90EF5A0B66AF} = {A34DDE81-3ED8-49B3-AE4C-570C57A293FF}
		{45C15E7E-D083-4CDB-9CB5-DA23137DD7AC} = {AD833455-B566-4F70-818D-747BBA270E48}
		{14389BCE-A44A-478C-8E6B-6699D17D6D2A} = {45C15E7E-D083-4CDB-9CB5-DA23137DD7AC}
		{5A4D8E88-0810-474D-974C-B1946D5BE4E7} = {2FF6D539-549F-4F59-811F-FE7DF7370813}
		{067456C0-086C-46A8-B37F-1405717B7BFC} = {5A4D8E88-0810-474D-974C-B1946D5BE4E7}
		{0FB57CD1-31CB-4D9A-87F2-95005F0B3998} = {45C15E7E-D083-4CDB-9CB5-DA23137DD7AC}
		{7C255DD6-8788-4DCB-98B1-9DED72196E38} = {45C15E7E-D083-4CDB-9CB5-DA23137DD7AC}
		{E7C09752-04F6-4A04-908A-C985D499454E} = {2FF6D539-549F-4F59-811F-FE7DF7370813}
		{54AA55E3-E750-4E38-8E44-F063461EFAF1} = {E7C09752-04F6-4A04-908A-C985D499454E}
	EndGlobalSection
	GlobalSection(ExtensibilityGlobals) = postSolution
		EnterpriseLibraryConfigurationToolBinariesPathV6 = packages\EnterpriseLibrary.Common.6.0.1304.0\lib\NET45
	EndGlobalSection
EndGlobal
