
Microsoft Visual Studio Solution File, Format Version 12.00
# Visual Studio 14
VisualStudioVersion = 14.0.24720.0
MinimumVisualStudioVersion = 10.0.40219.1
Project("{FAE04EC0-301F-11D3-BF4B-00C04F79EFBC}") = "DataAccess.Sqlite", "DataAccess.Sqlite\DataAccess.Sqlite.csproj", "{9B751863-348E-4F3C-908A-0297A004A5D2}"
EndProject
Project("{FAE04EC0-301F-11D3-BF4B-00C04F79EFBC}") = "DataAccess.Sqlite.Tests", "..\..\Tests\DataAccess.Sqlite.Tests\DataAccess.Sqlite.Tests.csproj", "{8C46F9C6-1594-4E31-9160-D628F1E77E03}"
EndProject
Project("{2150E333-8FDC-42A3-9474-1A3956D46DE8}") = "Solution Items", "Solution Items", "{619791DE-CDD7-4B46-9D53-3C8652D84CAD}"
	ProjectSection(SolutionItems) = preProject
		Documentania.DotSettings = Documentania.DotSettings
		Release.testsettings = Release.testsettings
	EndProjectSection
EndProject
Project("{FAE04EC0-301F-11D3-BF4B-00C04F79EFBC}") = "DataAccess.RavenDB", "DataAccess.RavenDB\DataAccess.RavenDB.csproj", "{9A04AF41-A588-4FD4-BF90-0C2AF4D7C279}"
EndProject
Project("{2150E333-8FDC-42A3-9474-1A3956D46DE8}") = "UnitTest", "UnitTest", "{2FF6D539-549F-4F59-811F-FE7DF7370813}"
EndProject
Project("{2150E333-8FDC-42A3-9474-1A3956D46DE8}") = "DataAccess", "DataAccess", "{56A57E7C-40EF-4059-AFB8-B8271ED628D8}"
EndProject
Project("{FAE04EC0-301F-11D3-BF4B-00C04F79EFBC}") = "DataAccess.RavenDB.Tests", "DataAccess.RavenDB.Tests\DataAccess.RavenDB.Tests.csproj", "{067456C0-086C-46A8-B37F-1405717B7BFC}"
EndProject
Project("{2150E333-8FDC-42A3-9474-1A3956D46DE8}") = "Units", "Units", "{4D297269-8934-42A5-8478-3D89590D796F}"
EndProject
Project("{2150E333-8FDC-42A3-9474-1A3956D46DE8}") = "DataAccess", "DataAccess", "{3775EDDD-79EB-4624-9CF6-9D8D68A6A73A}"
EndProject
Project("{2150E333-8FDC-42A3-9474-1A3956D46DE8}") = "UI", "UI", "{A09C4E64-FE90-4523-8F86-1DB4D8A58D94}"
EndProject
Project("{2150E333-8FDC-42A3-9474-1A3956D46DE8}") = "SubsystemTest", "SubsystemTest", "{2F74BC08-2A0B-4DAC-B3BA-6B1E80CCC4D8}"
EndProject
Project("{FAE04EC0-301F-11D3-BF4B-00C04F79EFBC}") = "DocumentaniaSpecFlow", "..\..\tst\Documentania\DocumentaniaSpecFlow\DocumentaniaSpecFlow.csproj", "{6CC6F1AA-1403-4A56-A4FB-D15E14F77093}"
EndProject
Global
	GlobalSection(SolutionConfigurationPlatforms) = preSolution
		Debug|Any CPU = Debug|Any CPU
		Release|Any CPU = Release|Any CPU
	EndGlobalSection
	GlobalSection(ProjectConfigurationPlatforms) = postSolution
		{9B751863-348E-4F3C-908A-0297A004A5D2}.Debug|Any CPU.ActiveCfg = Debug|Any CPU
		{9B751863-348E-4F3C-908A-0297A004A5D2}.Debug|Any CPU.Build.0 = Debug|Any CPU
		{9B751863-348E-4F3C-908A-0297A004A5D2}.Release|Any CPU.ActiveCfg = Release|Any CPU
		{9B751863-348E-4F3C-908A-0297A004A5D2}.Release|Any CPU.Build.0 = Release|Any CPU
		{8C46F9C6-1594-4E31-9160-D628F1E77E03}.Debug|Any CPU.ActiveCfg = Debug|Any CPU
		{8C46F9C6-1594-4E31-9160-D628F1E77E03}.Debug|Any CPU.Build.0 = Debug|Any CPU
		{8C46F9C6-1594-4E31-9160-D628F1E77E03}.Release|Any CPU.ActiveCfg = Release|Any CPU
		{8C46F9C6-1594-4E31-9160-D628F1E77E03}.Release|Any CPU.Build.0 = Release|Any CPU
		{9A04AF41-A588-4FD4-BF90-0C2AF4D7C279}.Debug|Any CPU.ActiveCfg = Debug|Any CPU
		{9A04AF41-A588-4FD4-BF90-0C2AF4D7C279}.Debug|Any CPU.Build.0 = Debug|Any CPU
		{9A04AF41-A588-4FD4-BF90-0C2AF4D7C279}.Release|Any CPU.ActiveCfg = Release|Any CPU
		{9A04AF41-A588-4FD4-BF90-0C2AF4D7C279}.Release|Any CPU.Build.0 = Release|Any CPU
		{067456C0-086C-46A8-B37F-1405717B7BFC}.Debug|Any CPU.ActiveCfg = Debug|Any CPU
		{067456C0-086C-46A8-B37F-1405717B7BFC}.Debug|Any CPU.Build.0 = Debug|Any CPU
		{067456C0-086C-46A8-B37F-1405717B7BFC}.Release|Any CPU.ActiveCfg = Release|Any CPU
		{067456C0-086C-46A8-B37F-1405717B7BFC}.Release|Any CPU.Build.0 = Release|Any CPU
		{6CC6F1AA-1403-4A56-A4FB-D15E14F77093}.Debug|Any CPU.ActiveCfg = Debug|Any CPU
		{6CC6F1AA-1403-4A56-A4FB-D15E14F77093}.Debug|Any CPU.Build.0 = Debug|Any CPU
		{6CC6F1AA-1403-4A56-A4FB-D15E14F77093}.Release|Any CPU.ActiveCfg = Release|Any CPU
		{6CC6F1AA-1403-4A56-A4FB-D15E14F77093}.Release|Any CPU.Build.0 = Release|Any CPU
	EndGlobalSection
	GlobalSection(SolutionProperties) = preSolution
		HideSolutionNode = FALSE
	EndGlobalSection
	GlobalSection(NestedProjects) = preSolution
		{9B751863-348E-4F3C-908A-0297A004A5D2} = {3775EDDD-79EB-4624-9CF6-9D8D68A6A73A}
		{8C46F9C6-1594-4E31-9160-D628F1E77E03} = {56A57E7C-40EF-4059-AFB8-B8271ED628D8}
		{9A04AF41-A588-4FD4-BF90-0C2AF4D7C279} = {3775EDDD-79EB-4624-9CF6-9D8D68A6A73A}
		{56A57E7C-40EF-4059-AFB8-B8271ED628D8} = {2FF6D539-549F-4F59-811F-FE7DF7370813}
		{067456C0-086C-46A8-B37F-1405717B7BFC} = {56A57E7C-40EF-4059-AFB8-B8271ED628D8}
		{3775EDDD-79EB-4624-9CF6-9D8D68A6A73A} = {4D297269-8934-42A5-8478-3D89590D796F}
		{A09C4E64-FE90-4523-8F86-1DB4D8A58D94} = {4D297269-8934-42A5-8478-3D89590D796F}
		{6CC6F1AA-1403-4A56-A4FB-D15E14F77093} = {2F74BC08-2A0B-4DAC-B3BA-6B1E80CCC4D8}
	EndGlobalSection
EndGlobal
